
Microsoft Visual Studio Solution File, Format Version 12.00
# Visual Studio Version 17
VisualStudioVersion = 17.11.35222.181
MinimumVisualStudioVersion = 10.0.40219.1
Project("{FAE04EC0-301F-11D3-BF4B-00C04F79EFBC}") = "BaseballAPP.API", "BaseballAPP.API\BaseballAPP.API.csproj", "{F4554A26-3EB3-4E65-8AAF-98DEEF8691AA}"
EndProject
Project("{FAE04EC0-301F-11D3-BF4B-00C04F79EFBC}") = "BaseballAPP.Service", "BaseballAPP.Service\BaseballAPP.Service.csproj", "{8B7B8CB3-9626-4DD3-95EF-FBF834DFB261}"
EndProject
Global
	GlobalSection(SolutionConfigurationPlatforms) = preSolution
		Debug|Any CPU = Debug|Any CPU
		Release|Any CPU = Release|Any CPU
	EndGlobalSection
	GlobalSection(ProjectConfigurationPlatforms) = postSolution
		{F4554A26-3EB3-4E65-8AAF-98DEEF8691AA}.Debug|Any CPU.ActiveCfg = Debug|Any CPU
		{F4554A26-3EB3-4E65-8AAF-98DEEF8691AA}.Debug|Any CPU.Build.0 = Debug|Any CPU
		{F4554A26-3EB3-4E65-8AAF-98DEEF8691AA}.Release|Any CPU.ActiveCfg = Release|Any CPU
		{F4554A26-3EB3-4E65-8AAF-98DEEF8691AA}.Release|Any CPU.Build.0 = Release|Any CPU
		{8B7B8CB3-9626-4DD3-95EF-FBF834DFB261}.Debug|Any CPU.ActiveCfg = Debug|Any CPU
		{8B7B8CB3-9626-4DD3-95EF-FBF834DFB261}.Debug|Any CPU.Build.0 = Debug|Any CPU
		{8B7B8CB3-9626-4DD3-95EF-FBF834DFB261}.Release|Any CPU.ActiveCfg = Release|Any CPU
		{8B7B8CB3-9626-4DD3-95EF-FBF834DFB261}.Release|Any CPU.Build.0 = Release|Any CPU
	EndGlobalSection
	GlobalSection(SolutionProperties) = preSolution
		HideSolutionNode = FALSE
	EndGlobalSection
	GlobalSection(ExtensibilityGlobals) = postSolution
		SolutionGuid = {25DDD17A-CE0D-4CE1-981C-1B43DA604D49}
	EndGlobalSection
EndGlobal
